// !$*UTF8*$!
{
	archiveVersion = 1;
	classes = {
	};
	objectVersion = 50;
	objects = {

/* Begin PBXBuildFile section */
		AB5E7741261461B7004AA3B2 /* AppDelegate.swift in Sources */ = {isa = PBXBuildFile; fileRef = AB5E7740261461B7004AA3B2 /* AppDelegate.swift */; };
		AB5E7745261461B7004AA3B2 /* HomeViewController.swift in Sources */ = {isa = PBXBuildFile; fileRef = AB5E7744261461B7004AA3B2 /* HomeViewController.swift */; };
		AB5E774A261461B9004AA3B2 /* Assets.xcassets in Resources */ = {isa = PBXBuildFile; fileRef = AB5E7749261461B9004AA3B2 /* Assets.xcassets */; };
		AB5E774D261461B9004AA3B2 /* LaunchScreen.storyboard in Resources */ = {isa = PBXBuildFile; fileRef = AB5E774B261461B9004AA3B2 /* LaunchScreen.storyboard */; };
		BC470BDF2CEBA63500FACA25 /* AppCoordinator.swift in Sources */ = {isa = PBXBuildFile; fileRef = BC470BDE2CEBA63500FACA25 /* AppCoordinator.swift */; };
		BC9C19E82CED320C00A1D9B4 /* HomeViewModel.swift in Sources */ = {isa = PBXBuildFile; fileRef = BC9C19E72CED320C00A1D9B4 /* HomeViewModel.swift */; };
		BC9C19ED2CEE92DB00A1D9B4 /* Category.swift in Sources */ = {isa = PBXBuildFile; fileRef = BC9C19EC2CEE92DB00A1D9B4 /* Category.swift */; };
		BC9C19EF2CEE92ED00A1D9B4 /* Categories.swift in Sources */ = {isa = PBXBuildFile; fileRef = BC9C19EE2CEE92ED00A1D9B4 /* Categories.swift */; };
		BC9C19F12CEE942B00A1D9B4 /* ContentGroup.swift in Sources */ = {isa = PBXBuildFile; fileRef = BC9C19F02CEE942B00A1D9B4 /* ContentGroup.swift */; };
		BC9C19F52CEE953B00A1D9B4 /* Asset.swift in Sources */ = {isa = PBXBuildFile; fileRef = BC9C19F42CEE953B00A1D9B4 /* Asset.swift */; };
		BC9C19F72CEE962100A1D9B4 /* Promotions.swift in Sources */ = {isa = PBXBuildFile; fileRef = BC9C19F62CEE962100A1D9B4 /* Promotions.swift */; };
		BC9C19F92CEE970200A1D9B4 /* Promotion.swift in Sources */ = {isa = PBXBuildFile; fileRef = BC9C19F82CEE970200A1D9B4 /* Promotion.swift */; };
		BC9C19FB2CEE982F00A1D9B4 /* PromotionsAPIClient.swift in Sources */ = {isa = PBXBuildFile; fileRef = BC9C19FA2CEE982F00A1D9B4 /* PromotionsAPIClient.swift */; };
		BC9C19FD2CEE983D00A1D9B4 /* CategoriesAPIClient.swift in Sources */ = {isa = PBXBuildFile; fileRef = BC9C19FC2CEE983D00A1D9B4 /* CategoriesAPIClient.swift */; };
		BC9C19FF2CEE985B00A1D9B4 /* ContentGroupsAPIClient.swift in Sources */ = {isa = PBXBuildFile; fileRef = BC9C19FE2CEE985B00A1D9B4 /* ContentGroupsAPIClient.swift */; };
		BC9C1A012CEE986F00A1D9B4 /* AssetDetailsAPIClient.swift in Sources */ = {isa = PBXBuildFile; fileRef = BC9C1A002CEE986F00A1D9B4 /* AssetDetailsAPIClient.swift */; };
		BC9C1A032CEEA2D400A1D9B4 /* BaseAPI.swift in Sources */ = {isa = PBXBuildFile; fileRef = BC9C1A022CEEA2D400A1D9B4 /* BaseAPI.swift */; };
/* End PBXBuildFile section */

/* Begin PBXFileReference section */
		AB5E773D261461B7004AA3B2 /* DemoApp.app */ = {isa = PBXFileReference; explicitFileType = wrapper.application; includeInIndex = 0; path = DemoApp.app; sourceTree = BUILT_PRODUCTS_DIR; };
		AB5E7740261461B7004AA3B2 /* AppDelegate.swift */ = {isa = PBXFileReference; lastKnownFileType = sourcecode.swift; path = AppDelegate.swift; sourceTree = "<group>"; };
		AB5E7744261461B7004AA3B2 /* HomeViewController.swift */ = {isa = PBXFileReference; lastKnownFileType = sourcecode.swift; path = HomeViewController.swift; sourceTree = "<group>"; };
		AB5E7749261461B9004AA3B2 /* Assets.xcassets */ = {isa = PBXFileReference; lastKnownFileType = folder.assetcatalog; path = Assets.xcassets; sourceTree = "<group>"; };
		AB5E774C261461B9004AA3B2 /* Base */ = {isa = PBXFileReference; lastKnownFileType = file.storyboard; name = Base; path = Base.lproj/LaunchScreen.storyboard; sourceTree = "<group>"; };
		AB5E774E261461B9004AA3B2 /* Info.plist */ = {isa = PBXFileReference; lastKnownFileType = text.plist.xml; path = Info.plist; sourceTree = "<group>"; };
		BC470BDE2CEBA63500FACA25 /* AppCoordinator.swift */ = {isa = PBXFileReference; lastKnownFileType = sourcecode.swift; path = AppCoordinator.swift; sourceTree = "<group>"; };
		BC9C19E72CED320C00A1D9B4 /* HomeViewModel.swift */ = {isa = PBXFileReference; lastKnownFileType = sourcecode.swift; path = HomeViewModel.swift; sourceTree = "<group>"; };
		BC9C19EC2CEE92DB00A1D9B4 /* Category.swift */ = {isa = PBXFileReference; lastKnownFileType = sourcecode.swift; path = Category.swift; sourceTree = "<group>"; };
		BC9C19EE2CEE92ED00A1D9B4 /* Categories.swift */ = {isa = PBXFileReference; lastKnownFileType = sourcecode.swift; path = Categories.swift; sourceTree = "<group>"; };
		BC9C19F02CEE942B00A1D9B4 /* ContentGroup.swift */ = {isa = PBXFileReference; lastKnownFileType = sourcecode.swift; path = ContentGroup.swift; sourceTree = "<group>"; };
		BC9C19F42CEE953B00A1D9B4 /* Asset.swift */ = {isa = PBXFileReference; lastKnownFileType = sourcecode.swift; path = Asset.swift; sourceTree = "<group>"; };
		BC9C19F62CEE962100A1D9B4 /* Promotions.swift */ = {isa = PBXFileReference; lastKnownFileType = sourcecode.swift; path = Promotions.swift; sourceTree = "<group>"; };
		BC9C19F82CEE970200A1D9B4 /* Promotion.swift */ = {isa = PBXFileReference; lastKnownFileType = sourcecode.swift; path = Promotion.swift; sourceTree = "<group>"; };
		BC9C19FA2CEE982F00A1D9B4 /* PromotionsAPIClient.swift */ = {isa = PBXFileReference; lastKnownFileType = sourcecode.swift; path = PromotionsAPIClient.swift; sourceTree = "<group>"; };
		BC9C19FC2CEE983D00A1D9B4 /* CategoriesAPIClient.swift */ = {isa = PBXFileReference; lastKnownFileType = sourcecode.swift; path = CategoriesAPIClient.swift; sourceTree = "<group>"; };
		BC9C19FE2CEE985B00A1D9B4 /* ContentGroupsAPIClient.swift */ = {isa = PBXFileReference; lastKnownFileType = sourcecode.swift; path = ContentGroupsAPIClient.swift; sourceTree = "<group>"; };
		BC9C1A002CEE986F00A1D9B4 /* AssetDetailsAPIClient.swift */ = {isa = PBXFileReference; lastKnownFileType = sourcecode.swift; path = AssetDetailsAPIClient.swift; sourceTree = "<group>"; };
		BC9C1A022CEEA2D400A1D9B4 /* BaseAPI.swift */ = {isa = PBXFileReference; lastKnownFileType = sourcecode.swift; path = BaseAPI.swift; sourceTree = "<group>"; };
/* End PBXFileReference section */

/* Begin PBXFrameworksBuildPhase section */
		AB5E773A261461B7004AA3B2 /* Frameworks */ = {
			isa = PBXFrameworksBuildPhase;
			buildActionMask = 2147483647;
			files = (
			);
			runOnlyForDeploymentPostprocessing = 0;
		};
/* End PBXFrameworksBuildPhase section */

/* Begin PBXGroup section */
		AB5E7734261461B7004AA3B2 = {
			isa = PBXGroup;
			children = (
				AB5E773F261461B7004AA3B2 /* DemoApp */,
				AB5E773E261461B7004AA3B2 /* Products */,
			);
			sourceTree = "<group>";
		};
		AB5E773E261461B7004AA3B2 /* Products */ = {
			isa = PBXGroup;
			children = (
				AB5E773D261461B7004AA3B2 /* DemoApp.app */,
			);
			name = Products;
			sourceTree = "<group>";
		};
		AB5E773F261461B7004AA3B2 /* DemoApp */ = {
			isa = PBXGroup;
			children = (
				BC9C19E92CEE914200A1D9B4 /* API */,
				BC470BDD2CEBA62500FACA25 /* Models */,
				BC470BDC2CEBA5CE00FACA25 /* Application */,
				BC470BE02CEBAF8800FACA25 /* MVVM */,
				AB5E775626146274004AA3B2 /* SupportingFiles */,
			);
			path = DemoApp;
			sourceTree = "<group>";
		};
		AB5E775626146274004AA3B2 /* SupportingFiles */ = {
			isa = PBXGroup;
			children = (
				AB5E7749261461B9004AA3B2 /* Assets.xcassets */,
				AB5E774B261461B9004AA3B2 /* LaunchScreen.storyboard */,
				AB5E774E261461B9004AA3B2 /* Info.plist */,
			);
			path = SupportingFiles;
			sourceTree = "<group>";
		};
		BC470BDC2CEBA5CE00FACA25 /* Application */ = {
			isa = PBXGroup;
			children = (
				AB5E7740261461B7004AA3B2 /* AppDelegate.swift */,
				BC470BDE2CEBA63500FACA25 /* AppCoordinator.swift */,
			);
			path = Application;
			sourceTree = "<group>";
		};
		BC470BDD2CEBA62500FACA25 /* Models */ = {
			isa = PBXGroup;
			children = (
				BC9C19F02CEE942B00A1D9B4 /* ContentGroup.swift */,
				BC9C19F42CEE953B00A1D9B4 /* Asset.swift */,
				BC9C19EE2CEE92ED00A1D9B4 /* Categories.swift */,
				BC9C19EC2CEE92DB00A1D9B4 /* Category.swift */,
				BC9C19F62CEE962100A1D9B4 /* Promotions.swift */,
				BC9C19F82CEE970200A1D9B4 /* Promotion.swift */,
			);
			path = Models;
			sourceTree = "<group>";
		};
		BC470BE02CEBAF8800FACA25 /* MVVM */ = {
			isa = PBXGroup;
			children = (
				BC470BE12CEBAF9B00FACA25 /* Home */,
				BC470BE22CEBAF9F00FACA25 /* Details */,
			);
			path = MVVM;
			sourceTree = "<group>";
		};
		BC470BE12CEBAF9B00FACA25 /* Home */ = {
			isa = PBXGroup;
			children = (
				AB5E7744261461B7004AA3B2 /* HomeViewController.swift */,
				BC9C19E72CED320C00A1D9B4 /* HomeViewModel.swift */,
			);
			path = Home;
			sourceTree = "<group>";
		};
		BC470BE22CEBAF9F00FACA25 /* Details */ = {
			isa = PBXGroup;
			children = (
			);
			path = Details;
			sourceTree = "<group>";
		};
		BC9C19E92CEE914200A1D9B4 /* API */ = {
			isa = PBXGroup;
			children = (
				BC9C1A022CEEA2D400A1D9B4 /* BaseAPI.swift */,
				BC9C19FA2CEE982F00A1D9B4 /* PromotionsAPIClient.swift */,
				BC9C19FC2CEE983D00A1D9B4 /* CategoriesAPIClient.swift */,
				BC9C19FE2CEE985B00A1D9B4 /* ContentGroupsAPIClient.swift */,
				BC9C1A002CEE986F00A1D9B4 /* AssetDetailsAPIClient.swift */,
			);
			path = API;
			sourceTree = "<group>";
		};
/* End PBXGroup section */

/* Begin PBXNativeTarget section */
		AB5E773C261461B7004AA3B2 /* DemoApp */ = {
			isa = PBXNativeTarget;
			buildConfigurationList = AB5E7751261461B9004AA3B2 /* Build configuration list for PBXNativeTarget "DemoApp" */;
			buildPhases = (
				AB5E7739261461B7004AA3B2 /* Sources */,
				AB5E773A261461B7004AA3B2 /* Frameworks */,
				AB5E773B261461B7004AA3B2 /* Resources */,
			);
			buildRules = (
			);
			dependencies = (
			);
			name = DemoApp;
			productName = DemoApp;
			productReference = AB5E773D261461B7004AA3B2 /* DemoApp.app */;
			productType = "com.apple.product-type.application";
		};
/* End PBXNativeTarget section */

/* Begin PBXProject section */
		AB5E7735261461B7004AA3B2 /* Project object */ = {
			isa = PBXProject;
			attributes = {
				LastSwiftUpdateCheck = 1240;
				LastUpgradeCheck = 1240;
				TargetAttributes = {
					AB5E773C261461B7004AA3B2 = {
						CreatedOnToolsVersion = 12.4;
					};
				};
			};
			buildConfigurationList = AB5E7738261461B7004AA3B2 /* Build configuration list for PBXProject "DemoApp" */;
			compatibilityVersion = "Xcode 9.3";
			developmentRegion = en;
			hasScannedForEncodings = 0;
			knownRegions = (
				en,
				Base,
			);
			mainGroup = AB5E7734261461B7004AA3B2;
			productRefGroup = AB5E773E261461B7004AA3B2 /* Products */;
			projectDirPath = "";
			projectRoot = "";
			targets = (
				AB5E773C261461B7004AA3B2 /* DemoApp */,
			);
		};
/* End PBXProject section */

/* Begin PBXResourcesBuildPhase section */
		AB5E773B261461B7004AA3B2 /* Resources */ = {
			isa = PBXResourcesBuildPhase;
			buildActionMask = 2147483647;
			files = (
				AB5E774D261461B9004AA3B2 /* LaunchScreen.storyboard in Resources */,
				AB5E774A261461B9004AA3B2 /* Assets.xcassets in Resources */,
			);
			runOnlyForDeploymentPostprocessing = 0;
		};
/* End PBXResourcesBuildPhase section */

/* Begin PBXSourcesBuildPhase section */
		AB5E7739261461B7004AA3B2 /* Sources */ = {
			isa = PBXSourcesBuildPhase;
			buildActionMask = 2147483647;
			files = (
				BC9C19F52CEE953B00A1D9B4 /* Asset.swift in Sources */,
				BC9C1A012CEE986F00A1D9B4 /* AssetDetailsAPIClient.swift in Sources */,
				BC470BDF2CEBA63500FACA25 /* AppCoordinator.swift in Sources */,
				BC9C19FF2CEE985B00A1D9B4 /* ContentGroupsAPIClient.swift in Sources */,
				BC9C19F12CEE942B00A1D9B4 /* ContentGroup.swift in Sources */,
				BC9C19FD2CEE983D00A1D9B4 /* CategoriesAPIClient.swift in Sources */,
				BC9C19EF2CEE92ED00A1D9B4 /* Categories.swift in Sources */,
				AB5E7745261461B7004AA3B2 /* HomeViewController.swift in Sources */,
				AB5E7741261461B7004AA3B2 /* AppDelegate.swift in Sources */,
				BC9C1A032CEEA2D400A1D9B4 /* BaseAPI.swift in Sources */,
				BC9C19F72CEE962100A1D9B4 /* Promotions.swift in Sources */,
				BC9C19F92CEE970200A1D9B4 /* Promotion.swift in Sources */,
				BC9C19E82CED320C00A1D9B4 /* HomeViewModel.swift in Sources */,
				BC9C19ED2CEE92DB00A1D9B4 /* Category.swift in Sources */,
				BC9C19FB2CEE982F00A1D9B4 /* PromotionsAPIClient.swift in Sources */,
			);
			runOnlyForDeploymentPostprocessing = 0;
		};
/* End PBXSourcesBuildPhase section */

/* Begin PBXVariantGroup section */
		AB5E774B261461B9004AA3B2 /* LaunchScreen.storyboard */ = {
			isa = PBXVariantGroup;
			children = (
				AB5E774C261461B9004AA3B2 /* Base */,
			);
			name = LaunchScreen.storyboard;
			sourceTree = "<group>";
		};
/* End PBXVariantGroup section */

/* Begin XCBuildConfiguration section */
		AB5E774F261461B9004AA3B2 /* Debug */ = {
			isa = XCBuildConfiguration;
			buildSettings = {
				ALWAYS_SEARCH_USER_PATHS = NO;
				CLANG_ANALYZER_NONNULL = YES;
				CLANG_ANALYZER_NUMBER_OBJECT_CONVERSION = YES_AGGRESSIVE;
				CLANG_CXX_LANGUAGE_STANDARD = "gnu++14";
				CLANG_CXX_LIBRARY = "libc++";
				CLANG_ENABLE_MODULES = YES;
				CLANG_ENABLE_OBJC_ARC = YES;
				CLANG_ENABLE_OBJC_WEAK = YES;
				CLANG_WARN_BLOCK_CAPTURE_AUTORELEASING = YES;
				CLANG_WARN_BOOL_CONVERSION = YES;
				CLANG_WARN_COMMA = YES;
				CLANG_WARN_CONSTANT_CONVERSION = YES;
				CLANG_WARN_DEPRECATED_OBJC_IMPLEMENTATIONS = YES;
				CLANG_WARN_DIRECT_OBJC_ISA_USAGE = YES_ERROR;
				CLANG_WARN_DOCUMENTATION_COMMENTS = YES;
				CLANG_WARN_EMPTY_BODY = YES;
				CLANG_WARN_ENUM_CONVERSION = YES;
				CLANG_WARN_INFINITE_RECURSION = YES;
				CLANG_WARN_INT_CONVERSION = YES;
				CLANG_WARN_NON_LITERAL_NULL_CONVERSION = YES;
				CLANG_WARN_OBJC_IMPLICIT_RETAIN_SELF = YES;
				CLANG_WARN_OBJC_LITERAL_CONVERSION = YES;
				CLANG_WARN_OBJC_ROOT_CLASS = YES_ERROR;
				CLANG_WARN_QUOTED_INCLUDE_IN_FRAMEWORK_HEADER = YES;
				CLANG_WARN_RANGE_LOOP_ANALYSIS = YES;
				CLANG_WARN_STRICT_PROTOTYPES = YES;
				CLANG_WARN_SUSPICIOUS_MOVE = YES;
				CLANG_WARN_UNGUARDED_AVAILABILITY = YES_AGGRESSIVE;
				CLANG_WARN_UNREACHABLE_CODE = YES;
				CLANG_WARN__DUPLICATE_METHOD_MATCH = YES;
				COPY_PHASE_STRIP = NO;
				DEBUG_INFORMATION_FORMAT = dwarf;
				ENABLE_STRICT_OBJC_MSGSEND = YES;
				ENABLE_TESTABILITY = YES;
				GCC_C_LANGUAGE_STANDARD = gnu11;
				GCC_DYNAMIC_NO_PIC = NO;
				GCC_NO_COMMON_BLOCKS = YES;
				GCC_OPTIMIZATION_LEVEL = 0;
				GCC_PREPROCESSOR_DEFINITIONS = (
					"DEBUG=1",
					"$(inherited)",
				);
				GCC_WARN_64_TO_32_BIT_CONVERSION = YES;
				GCC_WARN_ABOUT_RETURN_TYPE = YES_ERROR;
				GCC_WARN_UNDECLARED_SELECTOR = YES;
				GCC_WARN_UNINITIALIZED_AUTOS = YES_AGGRESSIVE;
				GCC_WARN_UNUSED_FUNCTION = YES;
				GCC_WARN_UNUSED_VARIABLE = YES;
				IPHONEOS_DEPLOYMENT_TARGET = 14.4;
				MTL_ENABLE_DEBUG_INFO = INCLUDE_SOURCE;
				MTL_FAST_MATH = YES;
				ONLY_ACTIVE_ARCH = YES;
				SDKROOT = iphoneos;
				SWIFT_ACTIVE_COMPILATION_CONDITIONS = DEBUG;
				SWIFT_OPTIMIZATION_LEVEL = "-Onone";
			};
			name = Debug;
		};
		AB5E7750261461B9004AA3B2 /* Release */ = {
			isa = XCBuildConfiguration;
			buildSettings = {
				ALWAYS_SEARCH_USER_PATHS = NO;
				CLANG_ANALYZER_NONNULL = YES;
				CLANG_ANALYZER_NUMBER_OBJECT_CONVERSION = YES_AGGRESSIVE;
				CLANG_CXX_LANGUAGE_STANDARD = "gnu++14";
				CLANG_CXX_LIBRARY = "libc++";
				CLANG_ENABLE_MODULES = YES;
				CLANG_ENABLE_OBJC_ARC = YES;
				CLANG_ENABLE_OBJC_WEAK = YES;
				CLANG_WARN_BLOCK_CAPTURE_AUTORELEASING = YES;
				CLANG_WARN_BOOL_CONVERSION = YES;
				CLANG_WARN_COMMA = YES;
				CLANG_WARN_CONSTANT_CONVERSION = YES;
				CLANG_WARN_DEPRECATED_OBJC_IMPLEMENTATIONS = YES;
				CLANG_WARN_DIRECT_OBJC_ISA_USAGE = YES_ERROR;
				CLANG_WARN_DOCUMENTATION_COMMENTS = YES;
				CLANG_WARN_EMPTY_BODY = YES;
				CLANG_WARN_ENUM_CONVERSION = YES;
				CLANG_WARN_INFINITE_RECURSION = YES;
				CLANG_WARN_INT_CONVERSION = YES;
				CLANG_WARN_NON_LITERAL_NULL_CONVERSION = YES;
				CLANG_WARN_OBJC_IMPLICIT_RETAIN_SELF = YES;
				CLANG_WARN_OBJC_LITERAL_CONVERSION = YES;
				CLANG_WARN_OBJC_ROOT_CLASS = YES_ERROR;
				CLANG_WARN_QUOTED_INCLUDE_IN_FRAMEWORK_HEADER = YES;
				CLANG_WARN_RANGE_LOOP_ANALYSIS = YES;
				CLANG_WARN_STRICT_PROTOTYPES = YES;
				CLANG_WARN_SUSPICIOUS_MOVE = YES;
				CLANG_WARN_UNGUARDED_AVAILABILITY = YES_AGGRESSIVE;
				CLANG_WARN_UNREACHABLE_CODE = YES;
				CLANG_WARN__DUPLICATE_METHOD_MATCH = YES;
				COPY_PHASE_STRIP = NO;
				DEBUG_INFORMATION_FORMAT = "dwarf-with-dsym";
				ENABLE_NS_ASSERTIONS = NO;
				ENABLE_STRICT_OBJC_MSGSEND = YES;
				GCC_C_LANGUAGE_STANDARD = gnu11;
				GCC_NO_COMMON_BLOCKS = YES;
				GCC_WARN_64_TO_32_BIT_CONVERSION = YES;
				GCC_WARN_ABOUT_RETURN_TYPE = YES_ERROR;
				GCC_WARN_UNDECLARED_SELECTOR = YES;
				GCC_WARN_UNINITIALIZED_AUTOS = YES_AGGRESSIVE;
				GCC_WARN_UNUSED_FUNCTION = YES;
				GCC_WARN_UNUSED_VARIABLE = YES;
				IPHONEOS_DEPLOYMENT_TARGET = 14.4;
				MTL_ENABLE_DEBUG_INFO = NO;
				MTL_FAST_MATH = YES;
				SDKROOT = iphoneos;
				SWIFT_COMPILATION_MODE = wholemodule;
				SWIFT_OPTIMIZATION_LEVEL = "-O";
				VALIDATE_PRODUCT = YES;
			};
			name = Release;
		};
		AB5E7752261461B9004AA3B2 /* Debug */ = {
			isa = XCBuildConfiguration;
			buildSettings = {
				ASSETCATALOG_COMPILER_APPICON_NAME = AppIcon;
				ASSETCATALOG_COMPILER_GLOBAL_ACCENT_COLOR_NAME = AccentColor;
				CODE_SIGN_STYLE = Automatic;
				INFOPLIST_FILE = DemoApp/SupportingFiles/Info.plist;
				IPHONEOS_DEPLOYMENT_TARGET = 15.0;
				LD_RUNPATH_SEARCH_PATHS = (
					"$(inherited)",
					"@executable_path/Frameworks",
				);
				PRODUCT_BUNDLE_IDENTIFIER = com.vidmind.DemoApp;
				PRODUCT_NAME = "$(TARGET_NAME)";
				SWIFT_VERSION = 5.0;
				TARGETED_DEVICE_FAMILY = "1,2";
			};
			name = Debug;
		};
		AB5E7753261461B9004AA3B2 /* Release */ = {
			isa = XCBuildConfiguration;
			buildSettings = {
				ASSETCATALOG_COMPILER_APPICON_NAME = AppIcon;
				ASSETCATALOG_COMPILER_GLOBAL_ACCENT_COLOR_NAME = AccentColor;
				CODE_SIGN_STYLE = Automatic;
				INFOPLIST_FILE = DemoApp/SupportingFiles/Info.plist;
				IPHONEOS_DEPLOYMENT_TARGET = 15.0;
				LD_RUNPATH_SEARCH_PATHS = (
					"$(inherited)",
					"@executable_path/Frameworks",
				);
				PRODUCT_BUNDLE_IDENTIFIER = com.vidmind.DemoApp;
				PRODUCT_NAME = "$(TARGET_NAME)";
				SWIFT_VERSION = 5.0;
				TARGETED_DEVICE_FAMILY = "1,2";
			};
			name = Release;
		};
/* End XCBuildConfiguration section */

/* Begin XCConfigurationList section */
		AB5E7738261461B7004AA3B2 /* Build configuration list for PBXProject "DemoApp" */ = {
			isa = XCConfigurationList;
			buildConfigurations = (
				AB5E774F261461B9004AA3B2 /* Debug */,
				AB5E7750261461B9004AA3B2 /* Release */,
			);
			defaultConfigurationIsVisible = 0;
			defaultConfigurationName = Release;
		};
		AB5E7751261461B9004AA3B2 /* Build configuration list for PBXNativeTarget "DemoApp" */ = {
			isa = XCConfigurationList;
			buildConfigurations = (
				AB5E7752261461B9004AA3B2 /* Debug */,
				AB5E7753261461B9004AA3B2 /* Release */,
			);
			defaultConfigurationIsVisible = 0;
			defaultConfigurationName = Release;
		};
/* End XCConfigurationList section */
	};
	rootObject = AB5E7735261461B7004AA3B2 /* Project object */;
}
